
Microsoft Visual Studio Solution File, Format Version 12.00
# Visual Studio Version 17
VisualStudioVersion = 17.13.35931.197 d17.13
MinimumVisualStudioVersion = 10.0.40219.1
Project("{FAE04EC0-301F-11D3-BF4B-00C04F79EFBC}") = "Array", "Array\Array.csproj", "{7D4DF450-C978-4615-BA6F-5F14C36A1578}"
EndProject
Project("{FAE04EC0-301F-11D3-BF4B-00C04F79EFBC}") = "Stack", "Stack\Stack.csproj", "{9EB81E84-C3B7-4DBF-8520-E811F1E47275}"
EndProject
Project("{FAE04EC0-301F-11D3-BF4B-00C04F79EFBC}") = "Queue", "Queue\Queue.csproj", "{1971F31F-E7AE-4417-BB1B-0386B36BB98A}"
EndProject
Project("{FAE04EC0-301F-11D3-BF4B-00C04F79EFBC}") = "BinarySearchTree", "BinarySearchTree\BinarySearchTree.csproj", "{CF854278-B638-4470-8889-A60E5C22F5B6}"
EndProject
Project("{FAE04EC0-301F-11D3-BF4B-00C04F79EFBC}") = "Graph", "Graph\Graph.csproj", "{EFEE2418-BE27-4C23-AC00-B3F5F4F064F2}"
EndProject
Global
	GlobalSection(SolutionConfigurationPlatforms) = preSolution
		Debug|Any CPU = Debug|Any CPU
		Release|Any CPU = Release|Any CPU
	EndGlobalSection
	GlobalSection(ProjectConfigurationPlatforms) = postSolution
		{7D4DF450-C978-4615-BA6F-5F14C36A1578}.Debug|Any CPU.ActiveCfg = Debug|Any CPU
		{7D4DF450-C978-4615-BA6F-5F14C36A1578}.Debug|Any CPU.Build.0 = Debug|Any CPU
		{7D4DF450-C978-4615-BA6F-5F14C36A1578}.Release|Any CPU.ActiveCfg = Release|Any CPU
		{7D4DF450-C978-4615-BA6F-5F14C36A1578}.Release|Any CPU.Build.0 = Release|Any CPU
		{9EB81E84-C3B7-4DBF-8520-E811F1E47275}.Debug|Any CPU.ActiveCfg = Debug|Any CPU
		{9EB81E84-C3B7-4DBF-8520-E811F1E47275}.Debug|Any CPU.Build.0 = Debug|Any CPU
		{9EB81E84-C3B7-4DBF-8520-E811F1E47275}.Release|Any CPU.ActiveCfg = Release|Any CPU
		{9EB81E84-C3B7-4DBF-8520-E811F1E47275}.Release|Any CPU.Build.0 = Release|Any CPU
		{1971F31F-E7AE-4417-BB1B-0386B36BB98A}.Debug|Any CPU.ActiveCfg = Debug|Any CPU
		{1971F31F-E7AE-4417-BB1B-0386B36BB98A}.Debug|Any CPU.Build.0 = Debug|Any CPU
		{1971F31F-E7AE-4417-BB1B-0386B36BB98A}.Release|Any CPU.ActiveCfg = Release|Any CPU
		{1971F31F-E7AE-4417-BB1B-0386B36BB98A}.Release|Any CPU.Build.0 = Release|Any CPU
		{CF854278-B638-4470-8889-A60E5C22F5B6}.Debug|Any CPU.ActiveCfg = Debug|Any CPU
		{CF854278-B638-4470-8889-A60E5C22F5B6}.Debug|Any CPU.Build.0 = Debug|Any CPU
		{CF854278-B638-4470-8889-A60E5C22F5B6}.Release|Any CPU.ActiveCfg = Release|Any CPU
		{CF854278-B638-4470-8889-A60E5C22F5B6}.Release|Any CPU.Build.0 = Release|Any CPU
		{EFEE2418-BE27-4C23-AC00-B3F5F4F064F2}.Debug|Any CPU.ActiveCfg = Debug|Any CPU
		{EFEE2418-BE27-4C23-AC00-B3F5F4F064F2}.Debug|Any CPU.Build.0 = Debug|Any CPU
		{EFEE2418-BE27-4C23-AC00-B3F5F4F064F2}.Release|Any CPU.ActiveCfg = Release|Any CPU
		{EFEE2418-BE27-4C23-AC00-B3F5F4F064F2}.Release|Any CPU.Build.0 = Release|Any CPU
	EndGlobalSection
	GlobalSection(SolutionProperties) = preSolution
		HideSolutionNode = FALSE
	EndGlobalSection
	GlobalSection(ExtensibilityGlobals) = postSolution
		SolutionGuid = {6360C6B4-8E9D-4175-BEE7-C808041EAF1D}
	EndGlobalSection
EndGlobal
